
Microsoft Visual Studio Solution File, Format Version 12.00
# Visual Studio 14
VisualStudioVersion = 14.0.25420.1
MinimumVisualStudioVersion = 10.0.40219.1
Project("{FAE04EC0-301F-11D3-BF4B-00C04F79EFBC}") = "LockScreenImageRetriever", "LockScreenImageRetriever\LockScreenImageRetriever.csproj", "{A449F7FB-F565-453B-8351-BDB103CC548D}"
EndProject
Project("{54435603-DBB4-11D2-8724-00A0C9A8B90C}") = "LockScreenImageRetrieverSetup", "LockScreenImageRetrieverSetup\LockScreenImageRetrieverSetup.vdproj", "{07DAF43C-2259-4D15-996D-7E4D5DB532B9}"
EndProject
Global
	GlobalSection(SolutionConfigurationPlatforms) = preSolution
		Debug|Any CPU = Debug|Any CPU
		Release|Any CPU = Release|Any CPU
	EndGlobalSection
	GlobalSection(ProjectConfigurationPlatforms) = postSolution
		{A449F7FB-F565-453B-8351-BDB103CC548D}.Debug|Any CPU.ActiveCfg = Debug|Any CPU
		{A449F7FB-F565-453B-8351-BDB103CC548D}.Debug|Any CPU.Build.0 = Debug|Any CPU
		{A449F7FB-F565-453B-8351-BDB103CC548D}.Release|Any CPU.ActiveCfg = Release|Any CPU
		{A449F7FB-F565-453B-8351-BDB103CC548D}.Release|Any CPU.Build.0 = Release|Any CPU
		{07DAF43C-2259-4D15-996D-7E4D5DB532B9}.Debug|Any CPU.ActiveCfg = Debug
		{07DAF43C-2259-4D15-996D-7E4D5DB532B9}.Release|Any CPU.ActiveCfg = Release
	EndGlobalSection
	GlobalSection(SolutionProperties) = preSolution
		HideSolutionNode = FALSE
	EndGlobalSection
EndGlobal
